
Microsoft Visual Studio Solution File, Format Version 12.00
# Visual Studio Version 17
VisualStudioVersion = 17.10.35122.118
MinimumVisualStudioVersion = 10.0.40219.1
Project("{2150E333-8FDC-42A3-9474-1A3956D46DE8}") = "Helpers", "Helpers", "{E206559B-5371-451B-AD2E-D5E304174D51}"
	ProjectSection(SolutionItems) = preProject
		Helpers\Course.postman_collection.json = Helpers\Course.postman_collection.json
		Helpers\movies.json = Helpers\movies.json
	EndProjectSection
EndProject
Project("{9A19103F-16F7-4668-BE54-9A1E7A4F7556}") = "Identity.Api", "Helpers\Identity.Api\Identity.Api.csproj", "{14B043C7-B652-410C-9884-142255F75B0E}"
EndProject
Project("{9A19103F-16F7-4668-BE54-9A1E7A4F7556}") = "Movies.Api", "Movies.Api\Movies.Api.csproj", "{0480A123-0457-4BE8-9BE7-696D1A653786}"
EndProject
Project("{9A19103F-16F7-4668-BE54-9A1E7A4F7556}") = "Movies.Application", "Movies.Application\Movies.Application.csproj", "{4F08DB6B-9E5A-4E20-95A4-98AB04776E3E}"
EndProject
Project("{9A19103F-16F7-4668-BE54-9A1E7A4F7556}") = "Movies.Contracts", "Movies.Contracts\Movies.Contracts.csproj", "{C080E328-B688-43FE-A13D-C6A43A3E120F}"
EndProject
Project("{FAE04EC0-301F-11D3-BF4B-00C04F79EFBC}") = "Movies.Api.Sdk", "Movies.Api.Sdk\Movies.Api.Sdk.csproj", "{48CD0B19-4231-40EE-8ABE-FC30EA9941A9}"
EndProject
Project("{FAE04EC0-301F-11D3-BF4B-00C04F79EFBC}") = "Movies.Api.Sdk.Consumer", "Movies.Api.Sdk.Consumer\Movies.Api.Sdk.Consumer.csproj", "{B12F63EF-C009-4DBB-97EE-27C942A0EB34}"
EndProject
Global
	GlobalSection(SolutionConfigurationPlatforms) = preSolution
		Debug|Any CPU = Debug|Any CPU
		Release|Any CPU = Release|Any CPU
	EndGlobalSection
	GlobalSection(ProjectConfigurationPlatforms) = postSolution
		{14B043C7-B652-410C-9884-142255F75B0E}.Debug|Any CPU.ActiveCfg = Debug|Any CPU
		{14B043C7-B652-410C-9884-142255F75B0E}.Debug|Any CPU.Build.0 = Debug|Any CPU
		{14B043C7-B652-410C-9884-142255F75B0E}.Release|Any CPU.ActiveCfg = Release|Any CPU
		{14B043C7-B652-410C-9884-142255F75B0E}.Release|Any CPU.Build.0 = Release|Any CPU
		{0480A123-0457-4BE8-9BE7-696D1A653786}.Debug|Any CPU.ActiveCfg = Debug|Any CPU
		{0480A123-0457-4BE8-9BE7-696D1A653786}.Debug|Any CPU.Build.0 = Debug|Any CPU
		{0480A123-0457-4BE8-9BE7-696D1A653786}.Release|Any CPU.ActiveCfg = Release|Any CPU
		{0480A123-0457-4BE8-9BE7-696D1A653786}.Release|Any CPU.Build.0 = Release|Any CPU
		{4F08DB6B-9E5A-4E20-95A4-98AB04776E3E}.Debug|Any CPU.ActiveCfg = Debug|Any CPU
		{4F08DB6B-9E5A-4E20-95A4-98AB04776E3E}.Debug|Any CPU.Build.0 = Debug|Any CPU
		{4F08DB6B-9E5A-4E20-95A4-98AB04776E3E}.Release|Any CPU.ActiveCfg = Release|Any CPU
		{4F08DB6B-9E5A-4E20-95A4-98AB04776E3E}.Release|Any CPU.Build.0 = Release|Any CPU
		{C080E328-B688-43FE-A13D-C6A43A3E120F}.Debug|Any CPU.ActiveCfg = Debug|Any CPU
		{C080E328-B688-43FE-A13D-C6A43A3E120F}.Debug|Any CPU.Build.0 = Debug|Any CPU
		{C080E328-B688-43FE-A13D-C6A43A3E120F}.Release|Any CPU.ActiveCfg = Release|Any CPU
		{C080E328-B688-43FE-A13D-C6A43A3E120F}.Release|Any CPU.Build.0 = Release|Any CPU
		{48CD0B19-4231-40EE-8ABE-FC30EA9941A9}.Debug|Any CPU.ActiveCfg = Debug|Any CPU
		{48CD0B19-4231-40EE-8ABE-FC30EA9941A9}.Debug|Any CPU.Build.0 = Debug|Any CPU
		{48CD0B19-4231-40EE-8ABE-FC30EA9941A9}.Release|Any CPU.ActiveCfg = Release|Any CPU
		{48CD0B19-4231-40EE-8ABE-FC30EA9941A9}.Release|Any CPU.Build.0 = Release|Any CPU
		{B12F63EF-C009-4DBB-97EE-27C942A0EB34}.Debug|Any CPU.ActiveCfg = Debug|Any CPU
		{B12F63EF-C009-4DBB-97EE-27C942A0EB34}.Debug|Any CPU.Build.0 = Debug|Any CPU
		{B12F63EF-C009-4DBB-97EE-27C942A0EB34}.Release|Any CPU.ActiveCfg = Release|Any CPU
		{B12F63EF-C009-4DBB-97EE-27C942A0EB34}.Release|Any CPU.Build.0 = Release|Any CPU
	EndGlobalSection
	GlobalSection(SolutionProperties) = preSolution
		HideSolutionNode = FALSE
	EndGlobalSection
	GlobalSection(NestedProjects) = preSolution
		{14B043C7-B652-410C-9884-142255F75B0E} = {E206559B-5371-451B-AD2E-D5E304174D51}
	EndGlobalSection
	GlobalSection(ExtensibilityGlobals) = postSolution
		SolutionGuid = {63EBA844-9B49-4F0E-B5AC-638E3D609B2D}
	EndGlobalSection
EndGlobal
