
Microsoft Visual Studio Solution File, Format Version 12.00
# Visual Studio Version 17
VisualStudioVersion = 17.10.35122.118
MinimumVisualStudioVersion = 10.0.40219.1
Project("{2150E333-8FDC-42A3-9474-1A3956D46DE8}") = "1.GettingStarted", "1.GettingStarted", "{437837AA-AECD-4F38-BBB5-AE8873E1DCCC}"
EndProject
Project("{2150E333-8FDC-42A3-9474-1A3956D46DE8}") = "Helpers", "Helpers", "{E206559B-5371-451B-AD2E-D5E304174D51}"
	ProjectSection(SolutionItems) = preProject
		Helpers\Course.postman_collection.json = Helpers\Course.postman_collection.json
		Helpers\movies.json = Helpers\movies.json
	EndProjectSection
EndProject
Project("{9A19103F-16F7-4668-BE54-9A1E7A4F7556}") = "Movies.Api", "1.GettingStarted\Movies.Api\Movies.Api.csproj", "{2631889B-04EB-4089-BE9A-2DA548F4FBD0}"
EndProject
Project("{9A19103F-16F7-4668-BE54-9A1E7A4F7556}") = "Movies.Application", "1.GettingStarted\Movies.Application\Movies.Application.csproj", "{75ED1AC9-AB52-4042-B718-5219F02307E5}"
EndProject
Project("{9A19103F-16F7-4668-BE54-9A1E7A4F7556}") = "Movies.Contracts", "1.GettingStarted\Movies.Contracts\Movies.Contracts.csproj", "{BF2B66CD-C7F6-412D-8EA1-0F4818C22892}"
EndProject
Project("{2150E333-8FDC-42A3-9474-1A3956D46DE8}") = "2.BeyondTheBasics", "2.BeyondTheBasics", "{1867261E-C2C1-4D50-BDCB-B4EB4CBCC94A}"
EndProject
Project("{9A19103F-16F7-4668-BE54-9A1E7A4F7556}") = "Movies.Api", "2.BeyondTheBasics\Movies.Api\Movies.Api.csproj", "{4D136C71-7B0E-4320-9677-42352F406BEC}"
EndProject
Project("{9A19103F-16F7-4668-BE54-9A1E7A4F7556}") = "Movies.Application", "2.BeyondTheBasics\Movies.Application\Movies.Application.csproj", "{6B9BB9A3-E4FE-498B-90DE-4471E9B43EBE}"
EndProject
Project("{9A19103F-16F7-4668-BE54-9A1E7A4F7556}") = "Movies.Contracts", "2.BeyondTheBasics\Movies.Contracts\Movies.Contracts.csproj", "{FA50CF5F-C2BA-4C40-9A30-9A047AFC8B5D}"
EndProject
Project("{9A19103F-16F7-4668-BE54-9A1E7A4F7556}") = "Identity.Api", "Helpers\Identity.Api\Identity.Api.csproj", "{14B043C7-B652-410C-9884-142255F75B0E}"
EndProject
Project("{2150E333-8FDC-42A3-9474-1A3956D46DE8}") = "3.Auth", "3.Auth", "{E28ABFF5-B493-4C05-9C5D-71C2BA5730B2}"
EndProject
Project("{9A19103F-16F7-4668-BE54-9A1E7A4F7556}") = "Movies.Api", "3.Auth\Movies.Api\Movies.Api.csproj", "{83D5E307-24C8-4C4D-8139-E6D14F5BF55A}"
EndProject
Project("{9A19103F-16F7-4668-BE54-9A1E7A4F7556}") = "Movies.Application", "3.Auth\Movies.Application\Movies.Application.csproj", "{1BAB641E-8E52-4B4C-810C-62A773E43652}"
EndProject
Project("{9A19103F-16F7-4668-BE54-9A1E7A4F7556}") = "Movies.Contracts", "3.Auth\Movies.Contracts\Movies.Contracts.csproj", "{4405F96E-BC5A-4A3F-96E6-6390F0D1E739}"
EndProject
Global
	GlobalSection(SolutionConfigurationPlatforms) = preSolution
		Debug|Any CPU = Debug|Any CPU
		Release|Any CPU = Release|Any CPU
	EndGlobalSection
	GlobalSection(ProjectConfigurationPlatforms) = postSolution
		{2631889B-04EB-4089-BE9A-2DA548F4FBD0}.Debug|Any CPU.ActiveCfg = Debug|Any CPU
		{2631889B-04EB-4089-BE9A-2DA548F4FBD0}.Debug|Any CPU.Build.0 = Debug|Any CPU
		{2631889B-04EB-4089-BE9A-2DA548F4FBD0}.Release|Any CPU.ActiveCfg = Release|Any CPU
		{2631889B-04EB-4089-BE9A-2DA548F4FBD0}.Release|Any CPU.Build.0 = Release|Any CPU
		{75ED1AC9-AB52-4042-B718-5219F02307E5}.Debug|Any CPU.ActiveCfg = Debug|Any CPU
		{75ED1AC9-AB52-4042-B718-5219F02307E5}.Debug|Any CPU.Build.0 = Debug|Any CPU
		{75ED1AC9-AB52-4042-B718-5219F02307E5}.Release|Any CPU.ActiveCfg = Release|Any CPU
		{75ED1AC9-AB52-4042-B718-5219F02307E5}.Release|Any CPU.Build.0 = Release|Any CPU
		{BF2B66CD-C7F6-412D-8EA1-0F4818C22892}.Debug|Any CPU.ActiveCfg = Debug|Any CPU
		{BF2B66CD-C7F6-412D-8EA1-0F4818C22892}.Debug|Any CPU.Build.0 = Debug|Any CPU
		{BF2B66CD-C7F6-412D-8EA1-0F4818C22892}.Release|Any CPU.ActiveCfg = Release|Any CPU
		{BF2B66CD-C7F6-412D-8EA1-0F4818C22892}.Release|Any CPU.Build.0 = Release|Any CPU
		{4D136C71-7B0E-4320-9677-42352F406BEC}.Debug|Any CPU.ActiveCfg = Debug|Any CPU
		{4D136C71-7B0E-4320-9677-42352F406BEC}.Debug|Any CPU.Build.0 = Debug|Any CPU
		{4D136C71-7B0E-4320-9677-42352F406BEC}.Release|Any CPU.ActiveCfg = Release|Any CPU
		{4D136C71-7B0E-4320-9677-42352F406BEC}.Release|Any CPU.Build.0 = Release|Any CPU
		{6B9BB9A3-E4FE-498B-90DE-4471E9B43EBE}.Debug|Any CPU.ActiveCfg = Debug|Any CPU
		{6B9BB9A3-E4FE-498B-90DE-4471E9B43EBE}.Debug|Any CPU.Build.0 = Debug|Any CPU
		{6B9BB9A3-E4FE-498B-90DE-4471E9B43EBE}.Release|Any CPU.ActiveCfg = Release|Any CPU
		{6B9BB9A3-E4FE-498B-90DE-4471E9B43EBE}.Release|Any CPU.Build.0 = Release|Any CPU
		{FA50CF5F-C2BA-4C40-9A30-9A047AFC8B5D}.Debug|Any CPU.ActiveCfg = Debug|Any CPU
		{FA50CF5F-C2BA-4C40-9A30-9A047AFC8B5D}.Debug|Any CPU.Build.0 = Debug|Any CPU
		{FA50CF5F-C2BA-4C40-9A30-9A047AFC8B5D}.Release|Any CPU.ActiveCfg = Release|Any CPU
		{FA50CF5F-C2BA-4C40-9A30-9A047AFC8B5D}.Release|Any CPU.Build.0 = Release|Any CPU
		{14B043C7-B652-410C-9884-142255F75B0E}.Debug|Any CPU.ActiveCfg = Debug|Any CPU
		{14B043C7-B652-410C-9884-142255F75B0E}.Debug|Any CPU.Build.0 = Debug|Any CPU
		{14B043C7-B652-410C-9884-142255F75B0E}.Release|Any CPU.ActiveCfg = Release|Any CPU
		{14B043C7-B652-410C-9884-142255F75B0E}.Release|Any CPU.Build.0 = Release|Any CPU
		{83D5E307-24C8-4C4D-8139-E6D14F5BF55A}.Debug|Any CPU.ActiveCfg = Debug|Any CPU
		{83D5E307-24C8-4C4D-8139-E6D14F5BF55A}.Debug|Any CPU.Build.0 = Debug|Any CPU
		{83D5E307-24C8-4C4D-8139-E6D14F5BF55A}.Release|Any CPU.ActiveCfg = Release|Any CPU
		{83D5E307-24C8-4C4D-8139-E6D14F5BF55A}.Release|Any CPU.Build.0 = Release|Any CPU
		{1BAB641E-8E52-4B4C-810C-62A773E43652}.Debug|Any CPU.ActiveCfg = Debug|Any CPU
		{1BAB641E-8E52-4B4C-810C-62A773E43652}.Debug|Any CPU.Build.0 = Debug|Any CPU
		{1BAB641E-8E52-4B4C-810C-62A773E43652}.Release|Any CPU.ActiveCfg = Release|Any CPU
		{1BAB641E-8E52-4B4C-810C-62A773E43652}.Release|Any CPU.Build.0 = Release|Any CPU
		{4405F96E-BC5A-4A3F-96E6-6390F0D1E739}.Debug|Any CPU.ActiveCfg = Debug|Any CPU
		{4405F96E-BC5A-4A3F-96E6-6390F0D1E739}.Debug|Any CPU.Build.0 = Debug|Any CPU
		{4405F96E-BC5A-4A3F-96E6-6390F0D1E739}.Release|Any CPU.ActiveCfg = Release|Any CPU
		{4405F96E-BC5A-4A3F-96E6-6390F0D1E739}.Release|Any CPU.Build.0 = Release|Any CPU
	EndGlobalSection
	GlobalSection(SolutionProperties) = preSolution
		HideSolutionNode = FALSE
	EndGlobalSection
	GlobalSection(NestedProjects) = preSolution
		{2631889B-04EB-4089-BE9A-2DA548F4FBD0} = {437837AA-AECD-4F38-BBB5-AE8873E1DCCC}
		{75ED1AC9-AB52-4042-B718-5219F02307E5} = {437837AA-AECD-4F38-BBB5-AE8873E1DCCC}
		{BF2B66CD-C7F6-412D-8EA1-0F4818C22892} = {437837AA-AECD-4F38-BBB5-AE8873E1DCCC}
		{4D136C71-7B0E-4320-9677-42352F406BEC} = {1867261E-C2C1-4D50-BDCB-B4EB4CBCC94A}
		{6B9BB9A3-E4FE-498B-90DE-4471E9B43EBE} = {1867261E-C2C1-4D50-BDCB-B4EB4CBCC94A}
		{FA50CF5F-C2BA-4C40-9A30-9A047AFC8B5D} = {1867261E-C2C1-4D50-BDCB-B4EB4CBCC94A}
		{14B043C7-B652-410C-9884-142255F75B0E} = {E206559B-5371-451B-AD2E-D5E304174D51}
		{83D5E307-24C8-4C4D-8139-E6D14F5BF55A} = {E28ABFF5-B493-4C05-9C5D-71C2BA5730B2}
		{1BAB641E-8E52-4B4C-810C-62A773E43652} = {E28ABFF5-B493-4C05-9C5D-71C2BA5730B2}
		{4405F96E-BC5A-4A3F-96E6-6390F0D1E739} = {E28ABFF5-B493-4C05-9C5D-71C2BA5730B2}
	EndGlobalSection
	GlobalSection(ExtensibilityGlobals) = postSolution
		SolutionGuid = {63EBA844-9B49-4F0E-B5AC-638E3D609B2D}
	EndGlobalSection
EndGlobal
